
Microsoft Visual Studio Solution File, Format Version 12.00
# Visual Studio 15
VisualStudioVersion = 15.0.28307.438
MinimumVisualStudioVersion = 10.0.40219.1
Project("{FAE04EC0-301F-11D3-BF4B-00C04F79EFBC}") = "sea of thieves - cooking buddy", "sea of thieves - cooking buddy\sea of thieves - cooking buddy.csproj", "{F69A880D-01DE-4164-BFAA-C5B8FF2316CA}"
EndProject
Global
	GlobalSection(SolutionConfigurationPlatforms) = preSolution
		Debug|Any CPU = Debug|Any CPU
		Release|Any CPU = Release|Any CPU
	EndGlobalSection
	GlobalSection(ProjectConfigurationPlatforms) = postSolution
		{F69A880D-01DE-4164-BFAA-C5B8FF2316CA}.Debug|Any CPU.ActiveCfg = Debug|Any CPU
		{F69A880D-01DE-4164-BFAA-C5B8FF2316CA}.Debug|Any CPU.Build.0 = Debug|Any CPU
		{F69A880D-01DE-4164-BFAA-C5B8FF2316CA}.Release|Any CPU.ActiveCfg = Release|Any CPU
		{F69A880D-01DE-4164-BFAA-C5B8FF2316CA}.Release|Any CPU.Build.0 = Release|Any CPU
	EndGlobalSection
	GlobalSection(SolutionProperties) = preSolution
		HideSolutionNode = FALSE
	EndGlobalSection
	GlobalSection(ExtensibilityGlobals) = postSolution
		SolutionGuid = {624FC377-14D0-4964-94BE-08D94D2B8803}
	EndGlobalSection
EndGlobal
